version = 1
revision = 2
requires-python = ">=3.13"

[[package]]
name = "coolname"
version = "2.2.0"
source = { registry = "https://pypi.org/simple" }
sdist = { url = "https://files.pythonhosted.org/packages/c5/c6/1eaa4495ff4640e80d9af64f540e427ba1596a20f735d4c4750fe0386d07/coolname-2.2.0.tar.gz", hash = "sha256:6c5d5731759104479e7ca195a9b64f7900ac5bead40183c09323c7d0be9e75c7", size = 59006, upload-time = "2023-01-09T14:50:41.724Z" }
wheels = [
    { url = "https://files.pythonhosted.org/packages/1b/b1/5745d7523d8ce53b87779f46ef6cf5c5c342997939c2fe967e607b944e43/coolname-2.2.0-py2.py3-none-any.whl", hash = "sha256:4d1563186cfaf71b394d5df4c744f8c41303b6846413645e31d31915cdeb13e8", size = 37849, upload-time = "2023-01-09T14:50:39.897Z" },
]

[[package]]
name = "e2e-orchestration"
version = "0.1.0"
source = { virtual = "." }
dependencies = [
    { name = "coolname" },
]

[package.metadata]
requires-dist = [{ name = "coolname" }]
